
Microsoft Visual Studio Solution File, Format Version 12.00
# Visual Studio Version 16
VisualStudioVersion = 16.0.30413.136
MinimumVisualStudioVersion = 10.0.40219.1
Project("{FAE04EC0-301F-11D3-BF4B-00C04F79EFBC}") = "G7Cas21", "G7Cas21\G7Cas21.csproj", "{9AF1045D-FB88-42A3-B2E2-CAAF18EE6502}"
EndProject
Global
	GlobalSection(SolutionConfigurationPlatforms) = preSolution
		Debug|Any CPU = Debug|Any CPU
		Release|Any CPU = Release|Any CPU
	EndGlobalSection
	GlobalSection(ProjectConfigurationPlatforms) = postSolution
		{9AF1045D-FB88-42A3-B2E2-CAAF18EE6502}.Debug|Any CPU.ActiveCfg = Debug|Any CPU
		{9AF1045D-FB88-42A3-B2E2-CAAF18EE6502}.Debug|Any CPU.Build.0 = Debug|Any CPU
		{9AF1045D-FB88-42A3-B2E2-CAAF18EE6502}.Release|Any CPU.ActiveCfg = Release|Any CPU
		{9AF1045D-FB88-42A3-B2E2-CAAF18EE6502}.Release|Any CPU.Build.0 = Release|Any CPU
	EndGlobalSection
	GlobalSection(SolutionProperties) = preSolution
		HideSolutionNode = FALSE
	EndGlobalSection
	GlobalSection(ExtensibilityGlobals) = postSolution
		SolutionGuid = {C33416A1-E8A4-4501-A144-B4D14227A89E}
	EndGlobalSection
EndGlobal
